{
  "originHash" : "a65c2f3352eec194a900ea8d3837908e755b1b6823836afa8452a50b67827f6b",
  "pins" : [
    {
      "identity" : "swift-syntax",
      "kind" : "remoteSourceControl",
      "location" : "https://github.com/swiftlang/swift-syntax.git",
      "state" : {
        "revision" : "050f1a346fbbac0ca2cfb15a95274f7bd1cf0ccf"
      }
    }
  ],
  "version" : 3
}
