{
  "originHash" : "ba5fb4d57ecd0d05a01331c37d0b9781dcffa3fda0441231d78b42e26ced831e",
  "pins" : [
    {
      "identity" : "gama",
      "kind" : "remoteSourceControl",
      "location" : "https://github.com/donaldfilimon/gama.git",
      "state" : {
        "revision" : "2ef325c120674cfe218de44f492f435ff50a28e7"
      }
    },
    {
      "identity" : "swift-syntax",
      "kind" : "remoteSourceControl",
      "location" : "https://github.com/swiftlang/swift-syntax.git",
      "state" : {
        "revision" : "050f1a346fbbac0ca2cfb15a95274f7bd1cf0ccf"
      }
    }
  ],
  "version" : 3
}
